
Microsoft Visual Studio Solution File, Format Version 12.00
# Visual Studio Version 17
VisualStudioVersion = 17.4.33205.214
MinimumVisualStudioVersion = 10.0.40219.1
Project("{9A19103F-16F7-4668-BE54-9A1E7A4F7556}") = "TestMVVM", "TestMVVM.csproj", "{61C2FA3F-07F8-4049-9DBA-F103B8E5F75D}"
EndProject
Project("{FAE04EC0-301F-11D3-BF4B-00C04F79EFBC}") = "TestProject1", "..\TestProject1\TestProject1.csproj", "{91C7DD15-3CC7-451F-B298-8576C73E8FB6}"
EndProject
Global
	GlobalSection(SolutionConfigurationPlatforms) = preSolution
		Debug|Any CPU = Debug|Any CPU
		Release|Any CPU = Release|Any CPU
	EndGlobalSection
	GlobalSection(ProjectConfigurationPlatforms) = postSolution
		{61C2FA3F-07F8-4049-9DBA-F103B8E5F75D}.Debug|Any CPU.ActiveCfg = Debug|Any CPU
		{61C2FA3F-07F8-4049-9DBA-F103B8E5F75D}.Debug|Any CPU.Build.0 = Debug|Any CPU
		{61C2FA3F-07F8-4049-9DBA-F103B8E5F75D}.Release|Any CPU.ActiveCfg = Release|Any CPU
		{61C2FA3F-07F8-4049-9DBA-F103B8E5F75D}.Release|Any CPU.Build.0 = Release|Any CPU
		{91C7DD15-3CC7-451F-B298-8576C73E8FB6}.Debug|Any CPU.ActiveCfg = Debug|Any CPU
		{91C7DD15-3CC7-451F-B298-8576C73E8FB6}.Debug|Any CPU.Build.0 = Debug|Any CPU
		{91C7DD15-3CC7-451F-B298-8576C73E8FB6}.Release|Any CPU.ActiveCfg = Release|Any CPU
		{91C7DD15-3CC7-451F-B298-8576C73E8FB6}.Release|Any CPU.Build.0 = Release|Any CPU
	EndGlobalSection
	GlobalSection(SolutionProperties) = preSolution
		HideSolutionNode = FALSE
	EndGlobalSection
	GlobalSection(ExtensibilityGlobals) = postSolution
		SolutionGuid = {F3ECD151-728F-4BDB-AE80-330DB1934024}
	EndGlobalSection
EndGlobal
